
Microsoft Visual Studio Solution File, Format Version 12.00
# Visual Studio Version 16
VisualStudioVersion = 25.0.1700.0
MinimumVisualStudioVersion = 10.0.40219.1
Project("{FAE04EC0-301F-11D3-BF4B-00C04F79EFBC}") = "FieldEngineerApi", "FieldEngineerApi.csproj", "{2CA3D757-19D1-435B-B9BA-1720329EA3B6}"
EndProject
Global
	GlobalSection(SolutionConfigurationPlatforms) = preSolution
		Debug|Any CPU = Debug|Any CPU
		Release|Any CPU = Release|Any CPU
	EndGlobalSection
	GlobalSection(ProjectConfigurationPlatforms) = postSolution
		{2CA3D757-19D1-435B-B9BA-1720329EA3B6}.Debug|Any CPU.ActiveCfg = Debug|Any CPU
		{2CA3D757-19D1-435B-B9BA-1720329EA3B6}.Debug|Any CPU.Build.0 = Debug|Any CPU
		{2CA3D757-19D1-435B-B9BA-1720329EA3B6}.Release|Any CPU.ActiveCfg = Release|Any CPU
		{2CA3D757-19D1-435B-B9BA-1720329EA3B6}.Release|Any CPU.Build.0 = Release|Any CPU
	EndGlobalSection
	GlobalSection(SolutionProperties) = preSolution
		HideSolutionNode = FALSE
	EndGlobalSection
	GlobalSection(ExtensibilityGlobals) = postSolution
		SolutionGuid = {2A996E2D-8E0D-4CAC-9933-1720581173A3}
	EndGlobalSection
EndGlobal
